
Microsoft Visual Studio Solution File, Format Version 12.00
# Visual Studio 15
VisualStudioVersion = 15.0.26228.4
MinimumVisualStudioVersion = 10.0.40219.1
Project("{FAE04EC0-301F-11D3-BF4B-00C04F79EFBC}") = "Server", "Server\Server.csproj", "{6B70F59F-CBAA-4495-9D4D-60A956BB8A3A}"
EndProject
Project("{FAE04EC0-301F-11D3-BF4B-00C04F79EFBC}") = "Tcp_Client", "Tcp_Client\Tcp_Client.csproj", "{1A93D335-A60C-4F90-A61B-C1E68AA9FA00}"
EndProject
Project("{FAE04EC0-301F-11D3-BF4B-00C04F79EFBC}") = "ClassLibrary", "ClassLibrary\ClassLibrary.csproj", "{F7B16BB5-25AE-4301-917C-964BDFBA5000}"
EndProject
Global
	GlobalSection(SolutionConfigurationPlatforms) = preSolution
		Debug|Any CPU = Debug|Any CPU
		Release|Any CPU = Release|Any CPU
	EndGlobalSection
	GlobalSection(ProjectConfigurationPlatforms) = postSolution
		{6B70F59F-CBAA-4495-9D4D-60A956BB8A3A}.Debug|Any CPU.ActiveCfg = Debug|Any CPU
		{6B70F59F-CBAA-4495-9D4D-60A956BB8A3A}.Debug|Any CPU.Build.0 = Debug|Any CPU
		{6B70F59F-CBAA-4495-9D4D-60A956BB8A3A}.Release|Any CPU.ActiveCfg = Release|Any CPU
		{6B70F59F-CBAA-4495-9D4D-60A956BB8A3A}.Release|Any CPU.Build.0 = Release|Any CPU
		{1A93D335-A60C-4F90-A61B-C1E68AA9FA00}.Debug|Any CPU.ActiveCfg = Debug|Any CPU
		{1A93D335-A60C-4F90-A61B-C1E68AA9FA00}.Debug|Any CPU.Build.0 = Debug|Any CPU
		{1A93D335-A60C-4F90-A61B-C1E68AA9FA00}.Release|Any CPU.ActiveCfg = Release|Any CPU
		{1A93D335-A60C-4F90-A61B-C1E68AA9FA00}.Release|Any CPU.Build.0 = Release|Any CPU
		{F7B16BB5-25AE-4301-917C-964BDFBA5000}.Debug|Any CPU.ActiveCfg = Debug|Any CPU
		{F7B16BB5-25AE-4301-917C-964BDFBA5000}.Debug|Any CPU.Build.0 = Debug|Any CPU
		{F7B16BB5-25AE-4301-917C-964BDFBA5000}.Release|Any CPU.ActiveCfg = Release|Any CPU
		{F7B16BB5-25AE-4301-917C-964BDFBA5000}.Release|Any CPU.Build.0 = Release|Any CPU
	EndGlobalSection
	GlobalSection(SolutionProperties) = preSolution
		HideSolutionNode = FALSE
	EndGlobalSection
EndGlobal
